{
  "name": "Project",
  "lockfileVersion": 3,
  "requires": true,
  "packages": {
    "": {
      "dependencies": {
        "codeql": "^1.0.0"
      }
    },
    "node_modules/codeql": {
      "version": "1.0.0",
      "resolved": "https://registry.npmjs.org/codeql/-/codeql-1.0.0.tgz",
      "integrity": "sha512-D717uSaYij33J1sv3x1fPqqqSyNNmZZlzEiWd33PkJrko42ZwIuDe2D3/+fP8OgrNYGQE6ZMNvvTIvk7/H1dIQ=="
    }
  }
}
